
Microsoft Visual Studio Solution File, Format Version 12.00
# Visual Studio Version 16
VisualStudioVersion = 16.0.31129.286
MinimumVisualStudioVersion = 10.0.40219.1
Project("{FAE04EC0-301F-11D3-BF4B-00C04F79EFBC}") = "ProgEx12", "ProgEx12\ProgEx12.csproj", "{13D5CA4C-C23B-401A-A3CB-70028A7ED923}"
EndProject
Global
	GlobalSection(SolutionConfigurationPlatforms) = preSolution
		Debug|Any CPU = Debug|Any CPU
		Release|Any CPU = Release|Any CPU
	EndGlobalSection
	GlobalSection(ProjectConfigurationPlatforms) = postSolution
		{13D5CA4C-C23B-401A-A3CB-70028A7ED923}.Debug|Any CPU.ActiveCfg = Debug|Any CPU
		{13D5CA4C-C23B-401A-A3CB-70028A7ED923}.Debug|Any CPU.Build.0 = Debug|Any CPU
		{13D5CA4C-C23B-401A-A3CB-70028A7ED923}.Release|Any CPU.ActiveCfg = Release|Any CPU
		{13D5CA4C-C23B-401A-A3CB-70028A7ED923}.Release|Any CPU.Build.0 = Release|Any CPU
	EndGlobalSection
	GlobalSection(SolutionProperties) = preSolution
		HideSolutionNode = FALSE
	EndGlobalSection
	GlobalSection(ExtensibilityGlobals) = postSolution
		SolutionGuid = {138BE1E8-B2E8-4317-9E73-8C41CBB81963}
	EndGlobalSection
EndGlobal
